{
  "requires": true,
  "lockfileVersion": 1,
  "dependencies": {
    "angular-cookies": {
      "version": "1.6.7",
      "resolved": "https://registry.npmjs.org/angular-cookies/-/angular-cookies-1.6.7.tgz",
      "integrity": "sha1-hBuMG6bRAdiG8Wdr2k3BrZCVrUw="
    },
    "angular2-cookie": {
      "version": "1.2.6",
      "resolved": "https://registry.npmjs.org/angular2-cookie/-/angular2-cookie-1.2.6.tgz",
      "integrity": "sha1-j6hFUx53etsEL+LzOcAED23b8J0="
    },
    "ngx-cookie-service": {
      "version": "1.0.9",
      "resolved": "https://registry.npmjs.org/ngx-cookie-service/-/ngx-cookie-service-1.0.9.tgz",
      "integrity": "sha512-n4kTAZQr4EnnQLBaRPMjSmf98N/aLlYWknmbRunonJj9aMhpT1Nki6PfjBuRPl5DxT/9NMAVrQyvk66k/pJ0uQ=="
    }
  }
}
